
Microsoft Visual Studio Solution File, Format Version 12.00
# Visual Studio Version 16
VisualStudioVersion = 16.0.33529.622
MinimumVisualStudioVersion = 10.0.40219.1
Project("{8BC9CEB8-8B4A-11D0-8D11-00A0C91BC942}") = "OSJ_Project_Sample", "OSJ_Project_Sample.vcxproj", "{96C1C918-5B3F-4C43-B29A-81C2BB23F5DC}"
EndProject
Project("{8BC9CEB8-8B4A-11D0-8D11-00A0C91BC942}") = "C_Lang_0", "..\C_Lang_0\C_Lang_0.vcxproj", "{4BB8DD81-7C21-45DE-A84F-066D86EAFBF8}"
EndProject
Project("{2150E333-8FDC-42A3-9474-1A3956D46DE8}") = "C_Lang", "C_Lang", "{334BCF51-2363-4D05-BAFF-4D8A5A7A7D92}"
EndProject
Project("{2150E333-8FDC-42A3-9474-1A3956D46DE8}") = "C++", "C++", "{A6D260B3-B61A-43CC-A6D5-81CE6BCC8E44}"
EndProject
Project("{2150E333-8FDC-42A3-9474-1A3956D46DE8}") = "WinAPI", "WinAPI", "{80BB4C26-6346-434F-8903-7047042F8271}"
EndProject
Project("{2150E333-8FDC-42A3-9474-1A3956D46DE8}") = "DS", "DS", "{70AD32F0-C5C8-462E-895A-69875B3CC9B1}"
EndProject
Project("{2150E333-8FDC-42A3-9474-1A3956D46DE8}") = "Network", "Network", "{9E41C694-D99E-45AC-8E60-7356902FC6FD}"
EndProject
Project("{8BC9CEB8-8B4A-11D0-8D11-00A0C91BC942}") = "C_Lang_1", "..\CLang_1\CLang_1.vcxproj", "{FBE09F5B-2C57-40B3-B349-9F972BA10161}"
EndProject
Project("{8BC9CEB8-8B4A-11D0-8D11-00A0C91BC942}") = "LinkedList_0", "..\LinkedList_0\LinkedList_0.vcxproj", "{98901BA5-8732-46B5-A8F9-5EC875381A39}"
EndProject
Project("{8BC9CEB8-8B4A-11D0-8D11-00A0C91BC942}") = "LinkedList_GPT", "..\LinkedList_GPT\LinkedList_GPT.vcxproj", "{BA52283E-4B62-48B3-9FB6-DAED36A8B1F9}"
EndProject
Project("{8BC9CEB8-8B4A-11D0-8D11-00A0C91BC942}") = "MagicSquare", "..\MagicSquare\MagicSquare.vcxproj", "{F051AEF2-5003-4FE6-8751-9FCBC0CB7B5E}"
EndProject
Project("{8BC9CEB8-8B4A-11D0-8D11-00A0C91BC942}") = "LinkedList_1", "..\LinkedList_1\LinkedList_1.vcxproj", "{AE1E537C-33B1-49C3-A3A7-1C464A7B1E56}"
EndProject
Project("{8BC9CEB8-8B4A-11D0-8D11-00A0C91BC942}") = "LinkedList_2", "..\LinkedList_2\LinkedList_2.vcxproj", "{5AB4A2F1-BF74-40DE-8646-08FA7593DBCA}"
EndProject
Project("{8BC9CEB8-8B4A-11D0-8D11-00A0C91BC942}") = "BookLibrary", "..\BookLibrary\BookLibrary.vcxproj", "{562A63F3-606B-47EB-8CC2-A7239F23E65B}"
EndProject
Project("{8BC9CEB8-8B4A-11D0-8D11-00A0C91BC942}") = "QuickSort", "..\QuickSort\QuickSort.vcxproj", "{0A35DDD8-5AF9-4B10-B8C4-1BEECBB1BF5A}"
EndProject
Project("{8BC9CEB8-8B4A-11D0-8D11-00A0C91BC942}") = "Struct_0", "..\Struct\Struct.vcxproj", "{D4386407-4825-4B52-9411-F1BBE6F4CC58}"
EndProject
Project("{8BC9CEB8-8B4A-11D0-8D11-00A0C91BC942}") = "Calculator", "..\Calculator\Calculator.vcxproj", "{D5F2E409-FF1E-4C21-95C2-838844FC914A}"
EndProject
Project("{8BC9CEB8-8B4A-11D0-8D11-00A0C91BC942}") = "sString", "..\sString\sString.vcxproj", "{C8528063-D27B-46D6-B40A-723AA6E1E25F}"
EndProject
Project("{8BC9CEB8-8B4A-11D0-8D11-00A0C91BC942}") = "Hash", "..\Hash\Hash.vcxproj", "{6DA89AD2-8246-4E02-8BD0-755C7A1A5104}"
EndProject
Project("{8BC9CEB8-8B4A-11D0-8D11-00A0C91BC942}") = "Inheritance", "..\Inheritance\Inheritance.vcxproj", "{AA8F5C2B-871B-492B-82F6-8D6612C72370}"
EndProject
Project("{8BC9CEB8-8B4A-11D0-8D11-00A0C91BC942}") = "BST", "..\BST\BST.vcxproj", "{B9BEAA3E-797A-4976-A22D-B052ED1BD997}"
EndProject
Project("{8BC9CEB8-8B4A-11D0-8D11-00A0C91BC942}") = "QuadTree", "..\QuadTree\QuadTree.vcxproj", "{D495380D-DAFA-453B-89F3-69168DD6F1DD}"
EndProject
Project("{8BC9CEB8-8B4A-11D0-8D11-00A0C91BC942}") = "QuadTree1", "..\OctTree\OctTree.vcxproj", "{7F2D3E24-64B9-4EDC-BC66-A896B2542F3F}"
EndProject
Global
	GlobalSection(SolutionConfigurationPlatforms) = preSolution
		Debug|x64 = Debug|x64
		Debug|x86 = Debug|x86
		Release|x64 = Release|x64
		Release|x86 = Release|x86
	EndGlobalSection
	GlobalSection(ProjectConfigurationPlatforms) = postSolution
		{96C1C918-5B3F-4C43-B29A-81C2BB23F5DC}.Debug|x64.ActiveCfg = Debug|x64
		{96C1C918-5B3F-4C43-B29A-81C2BB23F5DC}.Debug|x64.Build.0 = Debug|x64
		{96C1C918-5B3F-4C43-B29A-81C2BB23F5DC}.Debug|x86.ActiveCfg = Debug|Win32
		{96C1C918-5B3F-4C43-B29A-81C2BB23F5DC}.Debug|x86.Build.0 = Debug|Win32
		{96C1C918-5B3F-4C43-B29A-81C2BB23F5DC}.Release|x64.ActiveCfg = Release|x64
		{96C1C918-5B3F-4C43-B29A-81C2BB23F5DC}.Release|x64.Build.0 = Release|x64
		{96C1C918-5B3F-4C43-B29A-81C2BB23F5DC}.Release|x86.ActiveCfg = Release|Win32
		{96C1C918-5B3F-4C43-B29A-81C2BB23F5DC}.Release|x86.Build.0 = Release|Win32
		{4BB8DD81-7C21-45DE-A84F-066D86EAFBF8}.Debug|x64.ActiveCfg = Debug|x64
		{4BB8DD81-7C21-45DE-A84F-066D86EAFBF8}.Debug|x64.Build.0 = Debug|x64
		{4BB8DD81-7C21-45DE-A84F-066D86EAFBF8}.Debug|x86.ActiveCfg = Debug|Win32
		{4BB8DD81-7C21-45DE-A84F-066D86EAFBF8}.Debug|x86.Build.0 = Debug|Win32
		{4BB8DD81-7C21-45DE-A84F-066D86EAFBF8}.Release|x64.ActiveCfg = Release|x64
		{4BB8DD81-7C21-45DE-A84F-066D86EAFBF8}.Release|x64.Build.0 = Release|x64
		{4BB8DD81-7C21-45DE-A84F-066D86EAFBF8}.Release|x86.ActiveCfg = Release|Win32
		{4BB8DD81-7C21-45DE-A84F-066D86EAFBF8}.Release|x86.Build.0 = Release|Win32
		{FBE09F5B-2C57-40B3-B349-9F972BA10161}.Debug|x64.ActiveCfg = Debug|x64
		{FBE09F5B-2C57-40B3-B349-9F972BA10161}.Debug|x64.Build.0 = Debug|x64
		{FBE09F5B-2C57-40B3-B349-9F972BA10161}.Debug|x86.ActiveCfg = Debug|Win32
		{FBE09F5B-2C57-40B3-B349-9F972BA10161}.Debug|x86.Build.0 = Debug|Win32
		{FBE09F5B-2C57-40B3-B349-9F972BA10161}.Release|x64.ActiveCfg = Release|x64
		{FBE09F5B-2C57-40B3-B349-9F972BA10161}.Release|x64.Build.0 = Release|x64
		{FBE09F5B-2C57-40B3-B349-9F972BA10161}.Release|x86.ActiveCfg = Release|Win32
		{FBE09F5B-2C57-40B3-B349-9F972BA10161}.Release|x86.Build.0 = Release|Win32
		{98901BA5-8732-46B5-A8F9-5EC875381A39}.Debug|x64.ActiveCfg = Debug|x64
		{98901BA5-8732-46B5-A8F9-5EC875381A39}.Debug|x64.Build.0 = Debug|x64
		{98901BA5-8732-46B5-A8F9-5EC875381A39}.Debug|x86.ActiveCfg = Debug|Win32
		{98901BA5-8732-46B5-A8F9-5EC875381A39}.Debug|x86.Build.0 = Debug|Win32
		{98901BA5-8732-46B5-A8F9-5EC875381A39}.Release|x64.ActiveCfg = Release|x64
		{98901BA5-8732-46B5-A8F9-5EC875381A39}.Release|x64.Build.0 = Release|x64
		{98901BA5-8732-46B5-A8F9-5EC875381A39}.Release|x86.ActiveCfg = Release|Win32
		{98901BA5-8732-46B5-A8F9-5EC875381A39}.Release|x86.Build.0 = Release|Win32
		{BA52283E-4B62-48B3-9FB6-DAED36A8B1F9}.Debug|x64.ActiveCfg = Debug|x64
		{BA52283E-4B62-48B3-9FB6-DAED36A8B1F9}.Debug|x64.Build.0 = Debug|x64
		{BA52283E-4B62-48B3-9FB6-DAED36A8B1F9}.Debug|x86.ActiveCfg = Debug|Win32
		{BA52283E-4B62-48B3-9FB6-DAED36A8B1F9}.Debug|x86.Build.0 = Debug|Win32
		{BA52283E-4B62-48B3-9FB6-DAED36A8B1F9}.Release|x64.ActiveCfg = Release|x64
		{BA52283E-4B62-48B3-9FB6-DAED36A8B1F9}.Release|x64.Build.0 = Release|x64
		{BA52283E-4B62-48B3-9FB6-DAED36A8B1F9}.Release|x86.ActiveCfg = Release|Win32
		{BA52283E-4B62-48B3-9FB6-DAED36A8B1F9}.Release|x86.Build.0 = Release|Win32
		{F051AEF2-5003-4FE6-8751-9FCBC0CB7B5E}.Debug|x64.ActiveCfg = Debug|x64
		{F051AEF2-5003-4FE6-8751-9FCBC0CB7B5E}.Debug|x64.Build.0 = Debug|x64
		{F051AEF2-5003-4FE6-8751-9FCBC0CB7B5E}.Debug|x86.ActiveCfg = Debug|Win32
		{F051AEF2-5003-4FE6-8751-9FCBC0CB7B5E}.Debug|x86.Build.0 = Debug|Win32
		{F051AEF2-5003-4FE6-8751-9FCBC0CB7B5E}.Release|x64.ActiveCfg = Release|x64
		{F051AEF2-5003-4FE6-8751-9FCBC0CB7B5E}.Release|x64.Build.0 = Release|x64
		{F051AEF2-5003-4FE6-8751-9FCBC0CB7B5E}.Release|x86.ActiveCfg = Release|Win32
		{F051AEF2-5003-4FE6-8751-9FCBC0CB7B5E}.Release|x86.Build.0 = Release|Win32
		{AE1E537C-33B1-49C3-A3A7-1C464A7B1E56}.Debug|x64.ActiveCfg = Debug|x64
		{AE1E537C-33B1-49C3-A3A7-1C464A7B1E56}.Debug|x64.Build.0 = Debug|x64
		{AE1E537C-33B1-49C3-A3A7-1C464A7B1E56}.Debug|x86.ActiveCfg = Debug|Win32
		{AE1E537C-33B1-49C3-A3A7-1C464A7B1E56}.Debug|x86.Build.0 = Debug|Win32
		{AE1E537C-33B1-49C3-A3A7-1C464A7B1E56}.Release|x64.ActiveCfg = Release|x64
		{AE1E537C-33B1-49C3-A3A7-1C464A7B1E56}.Release|x64.Build.0 = Release|x64
		{AE1E537C-33B1-49C3-A3A7-1C464A7B1E56}.Release|x86.ActiveCfg = Release|Win32
		{AE1E537C-33B1-49C3-A3A7-1C464A7B1E56}.Release|x86.Build.0 = Release|Win32
		{5AB4A2F1-BF74-40DE-8646-08FA7593DBCA}.Debug|x64.ActiveCfg = Debug|x64
		{5AB4A2F1-BF74-40DE-8646-08FA7593DBCA}.Debug|x64.Build.0 = Debug|x64
		{5AB4A2F1-BF74-40DE-8646-08FA7593DBCA}.Debug|x86.ActiveCfg = Debug|Win32
		{5AB4A2F1-BF74-40DE-8646-08FA7593DBCA}.Debug|x86.Build.0 = Debug|Win32
		{5AB4A2F1-BF74-40DE-8646-08FA7593DBCA}.Release|x64.ActiveCfg = Release|x64
		{5AB4A2F1-BF74-40DE-8646-08FA7593DBCA}.Release|x64.Build.0 = Release|x64
		{5AB4A2F1-BF74-40DE-8646-08FA7593DBCA}.Release|x86.ActiveCfg = Release|Win32
		{5AB4A2F1-BF74-40DE-8646-08FA7593DBCA}.Release|x86.Build.0 = Release|Win32
		{562A63F3-606B-47EB-8CC2-A7239F23E65B}.Debug|x64.ActiveCfg = Debug|x64
		{562A63F3-606B-47EB-8CC2-A7239F23E65B}.Debug|x64.Build.0 = Debug|x64
		{562A63F3-606B-47EB-8CC2-A7239F23E65B}.Debug|x86.ActiveCfg = Debug|Win32
		{562A63F3-606B-47EB-8CC2-A7239F23E65B}.Debug|x86.Build.0 = Debug|Win32
		{562A63F3-606B-47EB-8CC2-A7239F23E65B}.Release|x64.ActiveCfg = Release|x64
		{562A63F3-606B-47EB-8CC2-A7239F23E65B}.Release|x64.Build.0 = Release|x64
		{562A63F3-606B-47EB-8CC2-A7239F23E65B}.Release|x86.ActiveCfg = Release|Win32
		{562A63F3-606B-47EB-8CC2-A7239F23E65B}.Release|x86.Build.0 = Release|Win32
		{0A35DDD8-5AF9-4B10-B8C4-1BEECBB1BF5A}.Debug|x64.ActiveCfg = Debug|x64
		{0A35DDD8-5AF9-4B10-B8C4-1BEECBB1BF5A}.Debug|x64.Build.0 = Debug|x64
		{0A35DDD8-5AF9-4B10-B8C4-1BEECBB1BF5A}.Debug|x86.ActiveCfg = Debug|Win32
		{0A35DDD8-5AF9-4B10-B8C4-1BEECBB1BF5A}.Debug|x86.Build.0 = Debug|Win32
		{0A35DDD8-5AF9-4B10-B8C4-1BEECBB1BF5A}.Release|x64.ActiveCfg = Release|x64
		{0A35DDD8-5AF9-4B10-B8C4-1BEECBB1BF5A}.Release|x64.Build.0 = Release|x64
		{0A35DDD8-5AF9-4B10-B8C4-1BEECBB1BF5A}.Release|x86.ActiveCfg = Release|Win32
		{0A35DDD8-5AF9-4B10-B8C4-1BEECBB1BF5A}.Release|x86.Build.0 = Release|Win32
		{D4386407-4825-4B52-9411-F1BBE6F4CC58}.Debug|x64.ActiveCfg = Debug|x64
		{D4386407-4825-4B52-9411-F1BBE6F4CC58}.Debug|x64.Build.0 = Debug|x64
		{D4386407-4825-4B52-9411-F1BBE6F4CC58}.Debug|x86.ActiveCfg = Debug|Win32
		{D4386407-4825-4B52-9411-F1BBE6F4CC58}.Debug|x86.Build.0 = Debug|Win32
		{D4386407-4825-4B52-9411-F1BBE6F4CC58}.Release|x64.ActiveCfg = Release|x64
		{D4386407-4825-4B52-9411-F1BBE6F4CC58}.Release|x64.Build.0 = Release|x64
		{D4386407-4825-4B52-9411-F1BBE6F4CC58}.Release|x86.ActiveCfg = Release|Win32
		{D4386407-4825-4B52-9411-F1BBE6F4CC58}.Release|x86.Build.0 = Release|Win32
		{D5F2E409-FF1E-4C21-95C2-838844FC914A}.Debug|x64.ActiveCfg = Debug|x64
		{D5F2E409-FF1E-4C21-95C2-838844FC914A}.Debug|x64.Build.0 = Debug|x64
		{D5F2E409-FF1E-4C21-95C2-838844FC914A}.Debug|x86.ActiveCfg = Debug|Win32
		{D5F2E409-FF1E-4C21-95C2-838844FC914A}.Debug|x86.Build.0 = Debug|Win32
		{D5F2E409-FF1E-4C21-95C2-838844FC914A}.Release|x64.ActiveCfg = Release|x64
		{D5F2E409-FF1E-4C21-95C2-838844FC914A}.Release|x64.Build.0 = Release|x64
		{D5F2E409-FF1E-4C21-95C2-838844FC914A}.Release|x86.ActiveCfg = Release|Win32
		{D5F2E409-FF1E-4C21-95C2-838844FC914A}.Release|x86.Build.0 = Release|Win32
		{C8528063-D27B-46D6-B40A-723AA6E1E25F}.Debug|x64.ActiveCfg = Debug|x64
		{C8528063-D27B-46D6-B40A-723AA6E1E25F}.Debug|x64.Build.0 = Debug|x64
		{C8528063-D27B-46D6-B40A-723AA6E1E25F}.Debug|x86.ActiveCfg = Debug|Win32
		{C8528063-D27B-46D6-B40A-723AA6E1E25F}.Debug|x86.Build.0 = Debug|Win32
		{C8528063-D27B-46D6-B40A-723AA6E1E25F}.Release|x64.ActiveCfg = Release|x64
		{C8528063-D27B-46D6-B40A-723AA6E1E25F}.Release|x64.Build.0 = Release|x64
		{C8528063-D27B-46D6-B40A-723AA6E1E25F}.Release|x86.ActiveCfg = Release|Win32
		{C8528063-D27B-46D6-B40A-723AA6E1E25F}.Release|x86.Build.0 = Release|Win32
		{6DA89AD2-8246-4E02-8BD0-755C7A1A5104}.Debug|x64.ActiveCfg = Debug|x64
		{6DA89AD2-8246-4E02-8BD0-755C7A1A5104}.Debug|x64.Build.0 = Debug|x64
		{6DA89AD2-8246-4E02-8BD0-755C7A1A5104}.Debug|x86.ActiveCfg = Debug|Win32
		{6DA89AD2-8246-4E02-8BD0-755C7A1A5104}.Debug|x86.Build.0 = Debug|Win32
		{6DA89AD2-8246-4E02-8BD0-755C7A1A5104}.Release|x64.ActiveCfg = Release|x64
		{6DA89AD2-8246-4E02-8BD0-755C7A1A5104}.Release|x64.Build.0 = Release|x64
		{6DA89AD2-8246-4E02-8BD0-755C7A1A5104}.Release|x86.ActiveCfg = Release|Win32
		{6DA89AD2-8246-4E02-8BD0-755C7A1A5104}.Release|x86.Build.0 = Release|Win32
		{AA8F5C2B-871B-492B-82F6-8D6612C72370}.Debug|x64.ActiveCfg = Debug|x64
		{AA8F5C2B-871B-492B-82F6-8D6612C72370}.Debug|x64.Build.0 = Debug|x64
		{AA8F5C2B-871B-492B-82F6-8D6612C72370}.Debug|x86.ActiveCfg = Debug|Win32
		{AA8F5C2B-871B-492B-82F6-8D6612C72370}.Debug|x86.Build.0 = Debug|Win32
		{AA8F5C2B-871B-492B-82F6-8D6612C72370}.Release|x64.ActiveCfg = Release|x64
		{AA8F5C2B-871B-492B-82F6-8D6612C72370}.Release|x64.Build.0 = Release|x64
		{AA8F5C2B-871B-492B-82F6-8D6612C72370}.Release|x86.ActiveCfg = Release|Win32
		{AA8F5C2B-871B-492B-82F6-8D6612C72370}.Release|x86.Build.0 = Release|Win32
		{B9BEAA3E-797A-4976-A22D-B052ED1BD997}.Debug|x64.ActiveCfg = Debug|x64
		{B9BEAA3E-797A-4976-A22D-B052ED1BD997}.Debug|x64.Build.0 = Debug|x64
		{B9BEAA3E-797A-4976-A22D-B052ED1BD997}.Debug|x86.ActiveCfg = Debug|Win32
		{B9BEAA3E-797A-4976-A22D-B052ED1BD997}.Debug|x86.Build.0 = Debug|Win32
		{B9BEAA3E-797A-4976-A22D-B052ED1BD997}.Release|x64.ActiveCfg = Release|x64
		{B9BEAA3E-797A-4976-A22D-B052ED1BD997}.Release|x64.Build.0 = Release|x64
		{B9BEAA3E-797A-4976-A22D-B052ED1BD997}.Release|x86.ActiveCfg = Release|Win32
		{B9BEAA3E-797A-4976-A22D-B052ED1BD997}.Release|x86.Build.0 = Release|Win32
		{D495380D-DAFA-453B-89F3-69168DD6F1DD}.Debug|x64.ActiveCfg = Debug|x64
		{D495380D-DAFA-453B-89F3-69168DD6F1DD}.Debug|x64.Build.0 = Debug|x64
		{D495380D-DAFA-453B-89F3-69168DD6F1DD}.Debug|x86.ActiveCfg = Debug|Win32
		{D495380D-DAFA-453B-89F3-69168DD6F1DD}.Debug|x86.Build.0 = Debug|Win32
		{D495380D-DAFA-453B-89F3-69168DD6F1DD}.Release|x64.ActiveCfg = Release|x64
		{D495380D-DAFA-453B-89F3-69168DD6F1DD}.Release|x64.Build.0 = Release|x64
		{D495380D-DAFA-453B-89F3-69168DD6F1DD}.Release|x86.ActiveCfg = Release|Win32
		{D495380D-DAFA-453B-89F3-69168DD6F1DD}.Release|x86.Build.0 = Release|Win32
		{7F2D3E24-64B9-4EDC-BC66-A896B2542F3F}.Debug|x64.ActiveCfg = Debug|x64
		{7F2D3E24-64B9-4EDC-BC66-A896B2542F3F}.Debug|x64.Build.0 = Debug|x64
		{7F2D3E24-64B9-4EDC-BC66-A896B2542F3F}.Debug|x86.ActiveCfg = Debug|Win32
		{7F2D3E24-64B9-4EDC-BC66-A896B2542F3F}.Debug|x86.Build.0 = Debug|Win32
		{7F2D3E24-64B9-4EDC-BC66-A896B2542F3F}.Release|x64.ActiveCfg = Release|x64
		{7F2D3E24-64B9-4EDC-BC66-A896B2542F3F}.Release|x64.Build.0 = Release|x64
		{7F2D3E24-64B9-4EDC-BC66-A896B2542F3F}.Release|x86.ActiveCfg = Release|Win32
		{7F2D3E24-64B9-4EDC-BC66-A896B2542F3F}.Release|x86.Build.0 = Release|Win32
	EndGlobalSection
	GlobalSection(SolutionProperties) = preSolution
		HideSolutionNode = FALSE
	EndGlobalSection
	GlobalSection(NestedProjects) = preSolution
		{4BB8DD81-7C21-45DE-A84F-066D86EAFBF8} = {334BCF51-2363-4D05-BAFF-4D8A5A7A7D92}
		{FBE09F5B-2C57-40B3-B349-9F972BA10161} = {334BCF51-2363-4D05-BAFF-4D8A5A7A7D92}
		{98901BA5-8732-46B5-A8F9-5EC875381A39} = {334BCF51-2363-4D05-BAFF-4D8A5A7A7D92}
		{BA52283E-4B62-48B3-9FB6-DAED36A8B1F9} = {334BCF51-2363-4D05-BAFF-4D8A5A7A7D92}
		{F051AEF2-5003-4FE6-8751-9FCBC0CB7B5E} = {334BCF51-2363-4D05-BAFF-4D8A5A7A7D92}
		{AE1E537C-33B1-49C3-A3A7-1C464A7B1E56} = {334BCF51-2363-4D05-BAFF-4D8A5A7A7D92}
		{5AB4A2F1-BF74-40DE-8646-08FA7593DBCA} = {334BCF51-2363-4D05-BAFF-4D8A5A7A7D92}
		{562A63F3-606B-47EB-8CC2-A7239F23E65B} = {334BCF51-2363-4D05-BAFF-4D8A5A7A7D92}
		{0A35DDD8-5AF9-4B10-B8C4-1BEECBB1BF5A} = {334BCF51-2363-4D05-BAFF-4D8A5A7A7D92}
		{D4386407-4825-4B52-9411-F1BBE6F4CC58} = {A6D260B3-B61A-43CC-A6D5-81CE6BCC8E44}
		{D5F2E409-FF1E-4C21-95C2-838844FC914A} = {A6D260B3-B61A-43CC-A6D5-81CE6BCC8E44}
		{C8528063-D27B-46D6-B40A-723AA6E1E25F} = {A6D260B3-B61A-43CC-A6D5-81CE6BCC8E44}
		{6DA89AD2-8246-4E02-8BD0-755C7A1A5104} = {A6D260B3-B61A-43CC-A6D5-81CE6BCC8E44}
		{AA8F5C2B-871B-492B-82F6-8D6612C72370} = {A6D260B3-B61A-43CC-A6D5-81CE6BCC8E44}
		{B9BEAA3E-797A-4976-A22D-B052ED1BD997} = {70AD32F0-C5C8-462E-895A-69875B3CC9B1}
		{D495380D-DAFA-453B-89F3-69168DD6F1DD} = {70AD32F0-C5C8-462E-895A-69875B3CC9B1}
		{7F2D3E24-64B9-4EDC-BC66-A896B2542F3F} = {70AD32F0-C5C8-462E-895A-69875B3CC9B1}
	EndGlobalSection
	GlobalSection(ExtensibilityGlobals) = postSolution
		SolutionGuid = {C15DAD04-5457-459C-A5BB-00E7BCBDFCEF}
	EndGlobalSection
EndGlobal
